// !$*UTF8*$!
{
	archiveVersion = 1;
	classes = {
	};
	objectVersion = 50;
	objects = {

/* Begin PBXBuildFile section */
		24452F2826AA31EF001935EE /* AppDelegate.swift in Sources */ = {isa = PBXBuildFile; fileRef = 24452F2726AA31EF001935EE /* AppDelegate.swift */; };
		24452F2A26AA31EF001935EE /* SceneDelegate.swift in Sources */ = {isa = PBXBuildFile; fileRef = 24452F2926AA31EF001935EE /* SceneDelegate.swift */; };
		24452F2C26AA31EF001935EE /* ViewController.swift in Sources */ = {isa = PBXBuildFile; fileRef = 24452F2B26AA31EF001935EE /* ViewController.swift */; };
		24452F2F26AA31F0001935EE /* Main.storyboard in Resources */ = {isa = PBXBuildFile; fileRef = 24452F2D26AA31EF001935EE /* Main.storyboard */; };
		24452F3226AA31F0001935EE /* Este_e_Lauder_Challenge.xcdatamodeld in Sources */ = {isa = PBXBuildFile; fileRef = 24452F3026AA31F0001935EE /* Este_e_Lauder_Challenge.xcdatamodeld */; };
		24452F3426AA31F3001935EE /* Assets.xcassets in Resources */ = {isa = PBXBuildFile; fileRef = 24452F3326AA31F3001935EE /* Assets.xcassets */; };
		24452F3726AA31F3001935EE /* LaunchScreen.storyboard in Resources */ = {isa = PBXBuildFile; fileRef = 24452F3526AA31F3001935EE /* LaunchScreen.storyboard */; };
		24452F4226AA31F3001935EE /* Este_e_Lauder_ChallengeTests.swift in Sources */ = {isa = PBXBuildFile; fileRef = 24452F4126AA31F3001935EE /* Este_e_Lauder_ChallengeTests.swift */; };
		24452F4D26AA31F3001935EE /* Este_e_Lauder_ChallengeUITests.swift in Sources */ = {isa = PBXBuildFile; fileRef = 24452F4C26AA31F3001935EE /* Este_e_Lauder_ChallengeUITests.swift */; };
/* End PBXBuildFile section */

/* Begin PBXContainerItemProxy section */
		24452F3E26AA31F3001935EE /* PBXContainerItemProxy */ = {
			isa = PBXContainerItemProxy;
			containerPortal = 24452F1C26AA31EF001935EE /* Project object */;
			proxyType = 1;
			remoteGlobalIDString = 24452F2326AA31EF001935EE;
			remoteInfo = "Estée Lauder Challenge";
		};
		24452F4926AA31F3001935EE /* PBXContainerItemProxy */ = {
			isa = PBXContainerItemProxy;
			containerPortal = 24452F1C26AA31EF001935EE /* Project object */;
			proxyType = 1;
			remoteGlobalIDString = 24452F2326AA31EF001935EE;
			remoteInfo = "Estée Lauder Challenge";
		};
/* End PBXContainerItemProxy section */

/* Begin PBXFileReference section */
		24452F2426AA31EF001935EE /* Estée Lauder Challenge.app */ = {isa = PBXFileReference; explicitFileType = wrapper.application; includeInIndex = 0; path = "Estée Lauder Challenge.app"; sourceTree = BUILT_PRODUCTS_DIR; };
		24452F2726AA31EF001935EE /* AppDelegate.swift */ = {isa = PBXFileReference; lastKnownFileType = sourcecode.swift; path = AppDelegate.swift; sourceTree = "<group>"; };
		24452F2926AA31EF001935EE /* SceneDelegate.swift */ = {isa = PBXFileReference; lastKnownFileType = sourcecode.swift; path = SceneDelegate.swift; sourceTree = "<group>"; };
		24452F2B26AA31EF001935EE /* ViewController.swift */ = {isa = PBXFileReference; lastKnownFileType = sourcecode.swift; path = ViewController.swift; sourceTree = "<group>"; };
		24452F2E26AA31EF001935EE /* Base */ = {isa = PBXFileReference; lastKnownFileType = file.storyboard; name = Base; path = Base.lproj/Main.storyboard; sourceTree = "<group>"; };
		24452F3126AA31F0001935EE /* Este_e_Lauder_Challenge.xcdatamodel */ = {isa = PBXFileReference; lastKnownFileType = wrapper.xcdatamodel; path = Este_e_Lauder_Challenge.xcdatamodel; sourceTree = "<group>"; };
		24452F3326AA31F3001935EE /* Assets.xcassets */ = {isa = PBXFileReference; lastKnownFileType = folder.assetcatalog; path = Assets.xcassets; sourceTree = "<group>"; };
		24452F3626AA31F3001935EE /* Base */ = {isa = PBXFileReference; lastKnownFileType = file.storyboard; name = Base; path = Base.lproj/LaunchScreen.storyboard; sourceTree = "<group>"; };
		24452F3826AA31F3001935EE /* Info.plist */ = {isa = PBXFileReference; lastKnownFileType = text.plist.xml; path = Info.plist; sourceTree = "<group>"; };
		24452F3D26AA31F3001935EE /* Estée Lauder ChallengeTests.xctest */ = {isa = PBXFileReference; explicitFileType = wrapper.cfbundle; includeInIndex = 0; path = "Estée Lauder ChallengeTests.xctest"; sourceTree = BUILT_PRODUCTS_DIR; };
		24452F4126AA31F3001935EE /* Este_e_Lauder_ChallengeTests.swift */ = {isa = PBXFileReference; lastKnownFileType = sourcecode.swift; path = Este_e_Lauder_ChallengeTests.swift; sourceTree = "<group>"; };
		24452F4326AA31F3001935EE /* Info.plist */ = {isa = PBXFileReference; lastKnownFileType = text.plist.xml; path = Info.plist; sourceTree = "<group>"; };
		24452F4826AA31F3001935EE /* Estée Lauder ChallengeUITests.xctest */ = {isa = PBXFileReference; explicitFileType = wrapper.cfbundle; includeInIndex = 0; path = "Estée Lauder ChallengeUITests.xctest"; sourceTree = BUILT_PRODUCTS_DIR; };
		24452F4C26AA31F3001935EE /* Este_e_Lauder_ChallengeUITests.swift */ = {isa = PBXFileReference; lastKnownFileType = sourcecode.swift; path = Este_e_Lauder_ChallengeUITests.swift; sourceTree = "<group>"; };
		24452F4E26AA31F3001935EE /* Info.plist */ = {isa = PBXFileReference; lastKnownFileType = text.plist.xml; path = Info.plist; sourceTree = "<group>"; };
/* End PBXFileReference section */

/* Begin PBXFrameworksBuildPhase section */
		24452F2126AA31EF001935EE /* Frameworks */ = {
			isa = PBXFrameworksBuildPhase;
			buildActionMask = 2147483647;
			files = (
			);
			runOnlyForDeploymentPostprocessing = 0;
		};
		24452F3A26AA31F3001935EE /* Frameworks */ = {
			isa = PBXFrameworksBuildPhase;
			buildActionMask = 2147483647;
			files = (
			);
			runOnlyForDeploymentPostprocessing = 0;
		};
		24452F4526AA31F3001935EE /* Frameworks */ = {
			isa = PBXFrameworksBuildPhase;
			buildActionMask = 2147483647;
			files = (
			);
			runOnlyForDeploymentPostprocessing = 0;
		};
/* End PBXFrameworksBuildPhase section */

/* Begin PBXGroup section */
		24452F1B26AA31EF001935EE = {
			isa = PBXGroup;
			children = (
				24452F2626AA31EF001935EE /* Estée Lauder Challenge */,
				24452F4026AA31F3001935EE /* Estée Lauder ChallengeTests */,
				24452F4B26AA31F3001935EE /* Estée Lauder ChallengeUITests */,
				24452F2526AA31EF001935EE /* Products */,
			);
			sourceTree = "<group>";
		};
		24452F2526AA31EF001935EE /* Products */ = {
			isa = PBXGroup;
			children = (
				24452F2426AA31EF001935EE /* Estée Lauder Challenge.app */,
				24452F3D26AA31F3001935EE /* Estée Lauder ChallengeTests.xctest */,
				24452F4826AA31F3001935EE /* Estée Lauder ChallengeUITests.xctest */,
			);
			name = Products;
			sourceTree = "<group>";
		};
		24452F2626AA31EF001935EE /* Estée Lauder Challenge */ = {
			isa = PBXGroup;
			children = (
				24452F2726AA31EF001935EE /* AppDelegate.swift */,
				24452F2926AA31EF001935EE /* SceneDelegate.swift */,
				24452F2B26AA31EF001935EE /* ViewController.swift */,
				24452F2D26AA31EF001935EE /* Main.storyboard */,
				24452F3326AA31F3001935EE /* Assets.xcassets */,
				24452F3526AA31F3001935EE /* LaunchScreen.storyboard */,
				24452F3826AA31F3001935EE /* Info.plist */,
				24452F3026AA31F0001935EE /* Este_e_Lauder_Challenge.xcdatamodeld */,
			);
			path = "Estée Lauder Challenge";
			sourceTree = "<group>";
		};
		24452F4026AA31F3001935EE /* Estée Lauder ChallengeTests */ = {
			isa = PBXGroup;
			children = (
				24452F4126AA31F3001935EE /* Este_e_Lauder_ChallengeTests.swift */,
				24452F4326AA31F3001935EE /* Info.plist */,
			);
			path = "Estée Lauder ChallengeTests";
			sourceTree = "<group>";
		};
		24452F4B26AA31F3001935EE /* Estée Lauder ChallengeUITests */ = {
			isa = PBXGroup;
			children = (
				24452F4C26AA31F3001935EE /* Este_e_Lauder_ChallengeUITests.swift */,
				24452F4E26AA31F3001935EE /* Info.plist */,
			);
			path = "Estée Lauder ChallengeUITests";
			sourceTree = "<group>";
		};
/* End PBXGroup section */

/* Begin PBXNativeTarget section */
		24452F2326AA31EF001935EE /* Estée Lauder Challenge */ = {
			isa = PBXNativeTarget;
			buildConfigurationList = 24452F5126AA31F3001935EE /* Build configuration list for PBXNativeTarget "Estée Lauder Challenge" */;
			buildPhases = (
				24452F2026AA31EF001935EE /* Sources */,
				24452F2126AA31EF001935EE /* Frameworks */,
				24452F2226AA31EF001935EE /* Resources */,
			);
			buildRules = (
			);
			dependencies = (
			);
			name = "Estée Lauder Challenge";
			productName = "Estée Lauder Challenge";
			productReference = 24452F2426AA31EF001935EE /* Estée Lauder Challenge.app */;
			productType = "com.apple.product-type.application";
		};
		24452F3C26AA31F3001935EE /* Estée Lauder ChallengeTests */ = {
			isa = PBXNativeTarget;
			buildConfigurationList = 24452F5426AA31F3001935EE /* Build configuration list for PBXNativeTarget "Estée Lauder ChallengeTests" */;
			buildPhases = (
				24452F3926AA31F3001935EE /* Sources */,
				24452F3A26AA31F3001935EE /* Frameworks */,
				24452F3B26AA31F3001935EE /* Resources */,
			);
			buildRules = (
			);
			dependencies = (
				24452F3F26AA31F3001935EE /* PBXTargetDependency */,
			);
			name = "Estée Lauder ChallengeTests";
			productName = "Estée Lauder ChallengeTests";
			productReference = 24452F3D26AA31F3001935EE /* Estée Lauder ChallengeTests.xctest */;
			productType = "com.apple.product-type.bundle.unit-test";
		};
		24452F4726AA31F3001935EE /* Estée Lauder ChallengeUITests */ = {
			isa = PBXNativeTarget;
			buildConfigurationList = 24452F5726AA31F3001935EE /* Build configuration list for PBXNativeTarget "Estée Lauder ChallengeUITests" */;
			buildPhases = (
				24452F4426AA31F3001935EE /* Sources */,
				24452F4526AA31F3001935EE /* Frameworks */,
				24452F4626AA31F3001935EE /* Resources */,
			);
			buildRules = (
			);
			dependencies = (
				24452F4A26AA31F3001935EE /* PBXTargetDependency */,
			);
			name = "Estée Lauder ChallengeUITests";
			productName = "Estée Lauder ChallengeUITests";
			productReference = 24452F4826AA31F3001935EE /* Estée Lauder ChallengeUITests.xctest */;
			productType = "com.apple.product-type.bundle.ui-testing";
		};
/* End PBXNativeTarget section */

/* Begin PBXProject section */
		24452F1C26AA31EF001935EE /* Project object */ = {
			isa = PBXProject;
			attributes = {
				LastSwiftUpdateCheck = 1130;
				LastUpgradeCheck = 1130;
				ORGANIZATIONNAME = KWK;
				TargetAttributes = {
					24452F2326AA31EF001935EE = {
						CreatedOnToolsVersion = 11.3.1;
					};
					24452F3C26AA31F3001935EE = {
						CreatedOnToolsVersion = 11.3.1;
						TestTargetID = 24452F2326AA31EF001935EE;
					};
					24452F4726AA31F3001935EE = {
						CreatedOnToolsVersion = 11.3.1;
						TestTargetID = 24452F2326AA31EF001935EE;
					};
				};
			};
			buildConfigurationList = 24452F1F26AA31EF001935EE /* Build configuration list for PBXProject "Estée Lauder Challenge" */;
			compatibilityVersion = "Xcode 9.3";
			developmentRegion = en;
			hasScannedForEncodings = 0;
			knownRegions = (
				en,
				Base,
			);
			mainGroup = 24452F1B26AA31EF001935EE;
			productRefGroup = 24452F2526AA31EF001935EE /* Products */;
			projectDirPath = "";
			projectRoot = "";
			targets = (
				24452F2326AA31EF001935EE /* Estée Lauder Challenge */,
				24452F3C26AA31F3001935EE /* Estée Lauder ChallengeTests */,
				24452F4726AA31F3001935EE /* Estée Lauder ChallengeUITests */,
			);
		};
/* End PBXProject section */

/* Begin PBXResourcesBuildPhase section */
		24452F2226AA31EF001935EE /* Resources */ = {
			isa = PBXResourcesBuildPhase;
			buildActionMask = 2147483647;
			files = (
				24452F3726AA31F3001935EE /* LaunchScreen.storyboard in Resources */,
				24452F3426AA31F3001935EE /* Assets.xcassets in Resources */,
				24452F2F26AA31F0001935EE /* Main.storyboard in Resources */,
			);
			runOnlyForDeploymentPostprocessing = 0;
		};
		24452F3B26AA31F3001935EE /* Resources */ = {
			isa = PBXResourcesBuildPhase;
			buildActionMask = 2147483647;
			files = (
			);
			runOnlyForDeploymentPostprocessing = 0;
		};
		24452F4626AA31F3001935EE /* Resources */ = {
			isa = PBXResourcesBuildPhase;
			buildActionMask = 2147483647;
			files = (
			);
			runOnlyForDeploymentPostprocessing = 0;
		};
/* End PBXResourcesBuildPhase section */

/* Begin PBXSourcesBuildPhase section */
		24452F2026AA31EF001935EE /* Sources */ = {
			isa = PBXSourcesBuildPhase;
			buildActionMask = 2147483647;
			files = (
				24452F2C26AA31EF001935EE /* ViewController.swift in Sources */,
				24452F2826AA31EF001935EE /* AppDelegate.swift in Sources */,
				24452F2A26AA31EF001935EE /* SceneDelegate.swift in Sources */,
				24452F3226AA31F0001935EE /* Este_e_Lauder_Challenge.xcdatamodeld in Sources */,
			);
			runOnlyForDeploymentPostprocessing = 0;
		};
		24452F3926AA31F3001935EE /* Sources */ = {
			isa = PBXSourcesBuildPhase;
			buildActionMask = 2147483647;
			files = (
				24452F4226AA31F3001935EE /* Este_e_Lauder_ChallengeTests.swift in Sources */,
			);
			runOnlyForDeploymentPostprocessing = 0;
		};
		24452F4426AA31F3001935EE /* Sources */ = {
			isa = PBXSourcesBuildPhase;
			buildActionMask = 2147483647;
			files = (
				24452F4D26AA31F3001935EE /* Este_e_Lauder_ChallengeUITests.swift in Sources */,
			);
			runOnlyForDeploymentPostprocessing = 0;
		};
/* End PBXSourcesBuildPhase section */

/* Begin PBXTargetDependency section */
		24452F3F26AA31F3001935EE /* PBXTargetDependency */ = {
			isa = PBXTargetDependency;
			target = 24452F2326AA31EF001935EE /* Estée Lauder Challenge */;
			targetProxy = 24452F3E26AA31F3001935EE /* PBXContainerItemProxy */;
		};
		24452F4A26AA31F3001935EE /* PBXTargetDependency */ = {
			isa = PBXTargetDependency;
			target = 24452F2326AA31EF001935EE /* Estée Lauder Challenge */;
			targetProxy = 24452F4926AA31F3001935EE /* PBXContainerItemProxy */;
		};
/* End PBXTargetDependency section */

/* Begin PBXVariantGroup section */
		24452F2D26AA31EF001935EE /* Main.storyboard */ = {
			isa = PBXVariantGroup;
			children = (
				24452F2E26AA31EF001935EE /* Base */,
			);
			name = Main.storyboard;
			sourceTree = "<group>";
		};
		24452F3526AA31F3001935EE /* LaunchScreen.storyboard */ = {
			isa = PBXVariantGroup;
			children = (
				24452F3626AA31F3001935EE /* Base */,
			);
			name = LaunchScreen.storyboard;
			sourceTree = "<group>";
		};
/* End PBXVariantGroup section */

/* Begin XCBuildConfiguration section */
		24452F4F26AA31F3001935EE /* Debug */ = {
			isa = XCBuildConfiguration;
			buildSettings = {
				ALWAYS_SEARCH_USER_PATHS = NO;
				CLANG_ANALYZER_NONNULL = YES;
				CLANG_ANALYZER_NUMBER_OBJECT_CONVERSION = YES_AGGRESSIVE;
				CLANG_CXX_LANGUAGE_STANDARD = "gnu++14";
				CLANG_CXX_LIBRARY = "libc++";
				CLANG_ENABLE_MODULES = YES;
				CLANG_ENABLE_OBJC_ARC = YES;
				CLANG_ENABLE_OBJC_WEAK = YES;
				CLANG_WARN_BLOCK_CAPTURE_AUTORELEASING = YES;
				CLANG_WARN_BOOL_CONVERSION = YES;
				CLANG_WARN_COMMA = YES;
				CLANG_WARN_CONSTANT_CONVERSION = YES;
				CLANG_WARN_DEPRECATED_OBJC_IMPLEMENTATIONS = YES;
				CLANG_WARN_DIRECT_OBJC_ISA_USAGE = YES_ERROR;
				CLANG_WARN_DOCUMENTATION_COMMENTS = YES;
				CLANG_WARN_EMPTY_BODY = YES;
				CLANG_WARN_ENUM_CONVERSION = YES;
				CLANG_WARN_INFINITE_RECURSION = YES;
				CLANG_WARN_INT_CONVERSION = YES;
				CLANG_WARN_NON_LITERAL_NULL_CONVERSION = YES;
				CLANG_WARN_OBJC_IMPLICIT_RETAIN_SELF = YES;
				CLANG_WARN_OBJC_LITERAL_CONVERSION = YES;
				CLANG_WARN_OBJC_ROOT_CLASS = YES_ERROR;
				CLANG_WARN_RANGE_LOOP_ANALYSIS = YES;
				CLANG_WARN_STRICT_PROTOTYPES = YES;
				CLANG_WARN_SUSPICIOUS_MOVE = YES;
				CLANG_WARN_UNGUARDED_AVAILABILITY = YES_AGGRESSIVE;
				CLANG_WARN_UNREACHABLE_CODE = YES;
				CLANG_WARN__DUPLICATE_METHOD_MATCH = YES;
				COPY_PHASE_STRIP = NO;
				DEBUG_INFORMATION_FORMAT = dwarf;
				ENABLE_STRICT_OBJC_MSGSEND = YES;
				ENABLE_TESTABILITY = YES;
				GCC_C_LANGUAGE_STANDARD = gnu11;
				GCC_DYNAMIC_NO_PIC = NO;
				GCC_NO_COMMON_BLOCKS = YES;
				GCC_OPTIMIZATION_LEVEL = 0;
				GCC_PREPROCESSOR_DEFINITIONS = (
					"DEBUG=1",
					"$(inherited)",
				);
				GCC_WARN_64_TO_32_BIT_CONVERSION = YES;
				GCC_WARN_ABOUT_RETURN_TYPE = YES_ERROR;
				GCC_WARN_UNDECLARED_SELECTOR = YES;
				GCC_WARN_UNINITIALIZED_AUTOS = YES_AGGRESSIVE;
				GCC_WARN_UNUSED_FUNCTION = YES;
				GCC_WARN_UNUSED_VARIABLE = YES;
				IPHONEOS_DEPLOYMENT_TARGET = 13.2;
				MTL_ENABLE_DEBUG_INFO = INCLUDE_SOURCE;
				MTL_FAST_MATH = YES;
				ONLY_ACTIVE_ARCH = YES;
				SDKROOT = iphoneos;
				SWIFT_ACTIVE_COMPILATION_CONDITIONS = DEBUG;
				SWIFT_OPTIMIZATION_LEVEL = "-Onone";
			};
			name = Debug;
		};
		24452F5026AA31F3001935EE /* Release */ = {
			isa = XCBuildConfiguration;
			buildSettings = {
				ALWAYS_SEARCH_USER_PATHS = NO;
				CLANG_ANALYZER_NONNULL = YES;
				CLANG_ANALYZER_NUMBER_OBJECT_CONVERSION = YES_AGGRESSIVE;
				CLANG_CXX_LANGUAGE_STANDARD = "gnu++14";
				CLANG_CXX_LIBRARY = "libc++";
				CLANG_ENABLE_MODULES = YES;
				CLANG_ENABLE_OBJC_ARC = YES;
				CLANG_ENABLE_OBJC_WEAK = YES;
				CLANG_WARN_BLOCK_CAPTURE_AUTORELEASING = YES;
				CLANG_WARN_BOOL_CONVERSION = YES;
				CLANG_WARN_COMMA = YES;
				CLANG_WARN_CONSTANT_CONVERSION = YES;
				CLANG_WARN_DEPRECATED_OBJC_IMPLEMENTATIONS = YES;
				CLANG_WARN_DIRECT_OBJC_ISA_USAGE = YES_ERROR;
				CLANG_WARN_DOCUMENTATION_COMMENTS = YES;
				CLANG_WARN_EMPTY_BODY = YES;
				CLANG_WARN_ENUM_CONVERSION = YES;
				CLANG_WARN_INFINITE_RECURSION = YES;
				CLANG_WARN_INT_CONVERSION = YES;
				CLANG_WARN_NON_LITERAL_NULL_CONVERSION = YES;
				CLANG_WARN_OBJC_IMPLICIT_RETAIN_SELF = YES;
				CLANG_WARN_OBJC_LITERAL_CONVERSION = YES;
				CLANG_WARN_OBJC_ROOT_CLASS = YES_ERROR;
				CLANG_WARN_RANGE_LOOP_ANALYSIS = YES;
				CLANG_WARN_STRICT_PROTOTYPES = YES;
				CLANG_WARN_SUSPICIOUS_MOVE = YES;
				CLANG_WARN_UNGUARDED_AVAILABILITY = YES_AGGRESSIVE;
				CLANG_WARN_UNREACHABLE_CODE = YES;
				CLANG_WARN__DUPLICATE_METHOD_MATCH = YES;
				COPY_PHASE_STRIP = NO;
				DEBUG_INFORMATION_FORMAT = "dwarf-with-dsym";
				ENABLE_NS_ASSERTIONS = NO;
				ENABLE_STRICT_OBJC_MSGSEND = YES;
				GCC_C_LANGUAGE_STANDARD = gnu11;
				GCC_NO_COMMON_BLOCKS = YES;
				GCC_WARN_64_TO_32_BIT_CONVERSION = YES;
				GCC_WARN_ABOUT_RETURN_TYPE = YES_ERROR;
				GCC_WARN_UNDECLARED_SELECTOR = YES;
				GCC_WARN_UNINITIALIZED_AUTOS = YES_AGGRESSIVE;
				GCC_WARN_UNUSED_FUNCTION = YES;
				GCC_WARN_UNUSED_VARIABLE = YES;
				IPHONEOS_DEPLOYMENT_TARGET = 13.2;
				MTL_ENABLE_DEBUG_INFO = NO;
				MTL_FAST_MATH = YES;
				SDKROOT = iphoneos;
				SWIFT_COMPILATION_MODE = wholemodule;
				SWIFT_OPTIMIZATION_LEVEL = "-O";
				VALIDATE_PRODUCT = YES;
			};
			name = Release;
		};
		24452F5226AA31F3001935EE /* Debug */ = {
			isa = XCBuildConfiguration;
			buildSettings = {
				ASSETCATALOG_COMPILER_APPICON_NAME = AppIcon;
				CODE_SIGN_STYLE = Automatic;
				INFOPLIST_FILE = "Estée Lauder Challenge/Info.plist";
				LD_RUNPATH_SEARCH_PATHS = (
					"$(inherited)",
					"@executable_path/Frameworks",
				);
				PRODUCT_BUNDLE_IDENTIFIER = "kwk.Este-e-Lauder-Challenge";
				PRODUCT_NAME = "$(TARGET_NAME)";
				SWIFT_VERSION = 5.0;
				TARGETED_DEVICE_FAMILY = "1,2";
			};
			name = Debug;
		};
		24452F5326AA31F3001935EE /* Release */ = {
			isa = XCBuildConfiguration;
			buildSettings = {
				ASSETCATALOG_COMPILER_APPICON_NAME = AppIcon;
				CODE_SIGN_STYLE = Automatic;
				INFOPLIST_FILE = "Estée Lauder Challenge/Info.plist";
				LD_RUNPATH_SEARCH_PATHS = (
					"$(inherited)",
					"@executable_path/Frameworks",
				);
				PRODUCT_BUNDLE_IDENTIFIER = "kwk.Este-e-Lauder-Challenge";
				PRODUCT_NAME = "$(TARGET_NAME)";
				SWIFT_VERSION = 5.0;
				TARGETED_DEVICE_FAMILY = "1,2";
			};
			name = Release;
		};
		24452F5526AA31F3001935EE /* Debug */ = {
			isa = XCBuildConfiguration;
			buildSettings = {
				ALWAYS_EMBED_SWIFT_STANDARD_LIBRARIES = YES;
				BUNDLE_LOADER = "$(TEST_HOST)";
				CODE_SIGN_STYLE = Automatic;
				INFOPLIST_FILE = "Estée Lauder ChallengeTests/Info.plist";
				IPHONEOS_DEPLOYMENT_TARGET = 13.2;
				LD_RUNPATH_SEARCH_PATHS = (
					"$(inherited)",
					"@executable_path/Frameworks",
					"@loader_path/Frameworks",
				);
				PRODUCT_BUNDLE_IDENTIFIER = "kwk.Este-e-Lauder-ChallengeTests";
				PRODUCT_NAME = "$(TARGET_NAME)";
				SWIFT_VERSION = 5.0;
				TARGETED_DEVICE_FAMILY = "1,2";
				TEST_HOST = "$(BUILT_PRODUCTS_DIR)/Estée Lauder Challenge.app/Estée Lauder Challenge";
			};
			name = Debug;
		};
		24452F5626AA31F3001935EE /* Release */ = {
			isa = XCBuildConfiguration;
			buildSettings = {
				ALWAYS_EMBED_SWIFT_STANDARD_LIBRARIES = YES;
				BUNDLE_LOADER = "$(TEST_HOST)";
				CODE_SIGN_STYLE = Automatic;
				INFOPLIST_FILE = "Estée Lauder ChallengeTests/Info.plist";
				IPHONEOS_DEPLOYMENT_TARGET = 13.2;
				LD_RUNPATH_SEARCH_PATHS = (
					"$(inherited)",
					"@executable_path/Frameworks",
					"@loader_path/Frameworks",
				);
				PRODUCT_BUNDLE_IDENTIFIER = "kwk.Este-e-Lauder-ChallengeTests";
				PRODUCT_NAME = "$(TARGET_NAME)";
				SWIFT_VERSION = 5.0;
				TARGETED_DEVICE_FAMILY = "1,2";
				TEST_HOST = "$(BUILT_PRODUCTS_DIR)/Estée Lauder Challenge.app/Estée Lauder Challenge";
			};
			name = Release;
		};
		24452F5826AA31F3001935EE /* Debug */ = {
			isa = XCBuildConfiguration;
			buildSettings = {
				ALWAYS_EMBED_SWIFT_STANDARD_LIBRARIES = YES;
				CODE_SIGN_STYLE = Automatic;
				INFOPLIST_FILE = "Estée Lauder ChallengeUITests/Info.plist";
				LD_RUNPATH_SEARCH_PATHS = (
					"$(inherited)",
					"@executable_path/Frameworks",
					"@loader_path/Frameworks",
				);
				PRODUCT_BUNDLE_IDENTIFIER = "kwk.Este-e-Lauder-ChallengeUITests";
				PRODUCT_NAME = "$(TARGET_NAME)";
				SWIFT_VERSION = 5.0;
				TARGETED_DEVICE_FAMILY = "1,2";
				TEST_TARGET_NAME = "Estée Lauder Challenge";
			};
			name = Debug;
		};
		24452F5926AA31F3001935EE /* Release */ = {
			isa = XCBuildConfiguration;
			buildSettings = {
				ALWAYS_EMBED_SWIFT_STANDARD_LIBRARIES = YES;
				CODE_SIGN_STYLE = Automatic;
				INFOPLIST_FILE = "Estée Lauder ChallengeUITests/Info.plist";
				LD_RUNPATH_SEARCH_PATHS = (
					"$(inherited)",
					"@executable_path/Frameworks",
					"@loader_path/Frameworks",
				);
				PRODUCT_BUNDLE_IDENTIFIER = "kwk.Este-e-Lauder-ChallengeUITests";
				PRODUCT_NAME = "$(TARGET_NAME)";
				SWIFT_VERSION = 5.0;
				TARGETED_DEVICE_FAMILY = "1,2";
				TEST_TARGET_NAME = "Estée Lauder Challenge";
			};
			name = Release;
		};
/* End XCBuildConfiguration section */

/* Begin XCConfigurationList section */
		24452F1F26AA31EF001935EE /* Build configuration list for PBXProject "Estée Lauder Challenge" */ = {
			isa = XCConfigurationList;
			buildConfigurations = (
				24452F4F26AA31F3001935EE /* Debug */,
				24452F5026AA31F3001935EE /* Release */,
			);
			defaultConfigurationIsVisible = 0;
			defaultConfigurationName = Release;
		};
		24452F5126AA31F3001935EE /* Build configuration list for PBXNativeTarget "Estée Lauder Challenge" */ = {
			isa = XCConfigurationList;
			buildConfigurations = (
				24452F5226AA31F3001935EE /* Debug */,
				24452F5326AA31F3001935EE /* Release */,
			);
			defaultConfigurationIsVisible = 0;
			defaultConfigurationName = Release;
		};
		24452F5426AA31F3001935EE /* Build configuration list for PBXNativeTarget "Estée Lauder ChallengeTests" */ = {
			isa = XCConfigurationList;
			buildConfigurations = (
				24452F5526AA31F3001935EE /* Debug */,
				24452F5626AA31F3001935EE /* Release */,
			);
			defaultConfigurationIsVisible = 0;
			defaultConfigurationName = Release;
		};
		24452F5726AA31F3001935EE /* Build configuration list for PBXNativeTarget "Estée Lauder ChallengeUITests" */ = {
			isa = XCConfigurationList;
			buildConfigurations = (
				24452F5826AA31F3001935EE /* Debug */,
				24452F5926AA31F3001935EE /* Release */,
			);
			defaultConfigurationIsVisible = 0;
			defaultConfigurationName = Release;
		};
/* End XCConfigurationList section */

/* Begin XCVersionGroup section */
		24452F3026AA31F0001935EE /* Este_e_Lauder_Challenge.xcdatamodeld */ = {
			isa = XCVersionGroup;
			children = (
				24452F3126AA31F0001935EE /* Este_e_Lauder_Challenge.xcdatamodel */,
			);
			currentVersion = 24452F3126AA31F0001935EE /* Este_e_Lauder_Challenge.xcdatamodel */;
			path = Este_e_Lauder_Challenge.xcdatamodeld;
			sourceTree = "<group>";
			versionGroupType = wrapper.xcdatamodel;
		};
/* End XCVersionGroup section */
	};
	rootObject = 24452F1C26AA31EF001935EE /* Project object */;
}
